
Microsoft Visual Studio Solution File, Format Version 12.00
# Visual Studio Version 17
VisualStudioVersion = 17.13.35931.197 d17.13
MinimumVisualStudioVersion = 10.0.40219.1
Project("{FAE04EC0-301F-11D3-BF4B-00C04F79EFBC}") = "20250925_Brunchen_Mergen", "20250925_Brunchen_Mergen\20250925_Brunchen_Mergen.csproj", "{29241576-C514-4B93-8966-6C3F443E5CBC}"
EndProject
Global
	GlobalSection(SolutionConfigurationPlatforms) = preSolution
		Debug|Any CPU = Debug|Any CPU
		Release|Any CPU = Release|Any CPU
	EndGlobalSection
	GlobalSection(ProjectConfigurationPlatforms) = postSolution
		{29241576-C514-4B93-8966-6C3F443E5CBC}.Debug|Any CPU.ActiveCfg = Debug|Any CPU
		{29241576-C514-4B93-8966-6C3F443E5CBC}.Debug|Any CPU.Build.0 = Debug|Any CPU
		{29241576-C514-4B93-8966-6C3F443E5CBC}.Release|Any CPU.ActiveCfg = Release|Any CPU
		{29241576-C514-4B93-8966-6C3F443E5CBC}.Release|Any CPU.Build.0 = Release|Any CPU
	EndGlobalSection
	GlobalSection(SolutionProperties) = preSolution
		HideSolutionNode = FALSE
	EndGlobalSection
	GlobalSection(ExtensibilityGlobals) = postSolution
		SolutionGuid = {09C57B34-2C29-4E12-B163-336669E266FC}
	EndGlobalSection
EndGlobal
